{
    "name": "karrerstudio",
    "version": "0.1.0",
    "lockfileVersion": 2,
    "requires": true,
    "packages": {
        "": {
            "name": "karrerstudio",
            "version": "0.1.0",
            "dependencies": {
                "react-native-popup-menu": "^0.16.1"
            }
        },
        "node_modules/react-native-popup-menu": {
            "version": "0.16.1",
            "resolved": "https://registry.npmjs.org/react-native-popup-menu/-/react-native-popup-menu-0.16.1.tgz",
            "integrity": "sha512-xRS7mRh0exwu7Iw8PPVHdM11d13A/KzYjy0/fZx3zVtxISxPkNaDGayau6oa7HqO3Nj0oS9ulFCYjcQfG6vahA=="
        }
    },
    "dependencies": {
        "react-native-popup-menu": {
            "version": "0.16.1",
            "resolved": "https://registry.npmjs.org/react-native-popup-menu/-/react-native-popup-menu-0.16.1.tgz",
            "integrity": "sha512-xRS7mRh0exwu7Iw8PPVHdM11d13A/KzYjy0/fZx3zVtxISxPkNaDGayau6oa7HqO3Nj0oS9ulFCYjcQfG6vahA=="
        }
    }
}
